
Microsoft Visual Studio Solution File, Format Version 12.00
# Visual Studio Version 17
VisualStudioVersion = 17.3.32901.215
MinimumVisualStudioVersion = 10.0.40219.1
Project("{FAE04EC0-301F-11D3-BF4B-00C04F79EFBC}") = "Task1", "Task1\Task1.csproj", "{B4F8A10B-E611-4BE5-A0A3-6EB49DEF1A8C}"
EndProject
Project("{FAE04EC0-301F-11D3-BF4B-00C04F79EFBC}") = "Task2", "Task2\Task2.csproj", "{D463EA41-F612-482C-9506-3D6FB6E05575}"
EndProject
Project("{FAE04EC0-301F-11D3-BF4B-00C04F79EFBC}") = "Task3", "Task3\Task3.csproj", "{4D297995-FCDC-4D4B-83C3-9B5548D6BE23}"
EndProject
Global
	GlobalSection(SolutionConfigurationPlatforms) = preSolution
		Debug|Any CPU = Debug|Any CPU
		Release|Any CPU = Release|Any CPU
	EndGlobalSection
	GlobalSection(ProjectConfigurationPlatforms) = postSolution
		{B4F8A10B-E611-4BE5-A0A3-6EB49DEF1A8C}.Debug|Any CPU.ActiveCfg = Debug|Any CPU
		{B4F8A10B-E611-4BE5-A0A3-6EB49DEF1A8C}.Debug|Any CPU.Build.0 = Debug|Any CPU
		{B4F8A10B-E611-4BE5-A0A3-6EB49DEF1A8C}.Release|Any CPU.ActiveCfg = Release|Any CPU
		{B4F8A10B-E611-4BE5-A0A3-6EB49DEF1A8C}.Release|Any CPU.Build.0 = Release|Any CPU
		{D463EA41-F612-482C-9506-3D6FB6E05575}.Debug|Any CPU.ActiveCfg = Debug|Any CPU
		{D463EA41-F612-482C-9506-3D6FB6E05575}.Debug|Any CPU.Build.0 = Debug|Any CPU
		{D463EA41-F612-482C-9506-3D6FB6E05575}.Release|Any CPU.ActiveCfg = Release|Any CPU
		{D463EA41-F612-482C-9506-3D6FB6E05575}.Release|Any CPU.Build.0 = Release|Any CPU
		{4D297995-FCDC-4D4B-83C3-9B5548D6BE23}.Debug|Any CPU.ActiveCfg = Debug|Any CPU
		{4D297995-FCDC-4D4B-83C3-9B5548D6BE23}.Debug|Any CPU.Build.0 = Debug|Any CPU
		{4D297995-FCDC-4D4B-83C3-9B5548D6BE23}.Release|Any CPU.ActiveCfg = Release|Any CPU
		{4D297995-FCDC-4D4B-83C3-9B5548D6BE23}.Release|Any CPU.Build.0 = Release|Any CPU
	EndGlobalSection
	GlobalSection(SolutionProperties) = preSolution
		HideSolutionNode = FALSE
	EndGlobalSection
	GlobalSection(ExtensibilityGlobals) = postSolution
		SolutionGuid = {15C85640-F317-4CCF-A58F-322C320C5E21}
	EndGlobalSection
EndGlobal
